Microsoft Visual Studio Solution File, Format Version 12.00
# Visual Studio 16
VisualStudioVersion = 16.0.30317.65
MinimumVisualStudioVersion = 16.0.30317.65
Project("{9A19103F-16F7-4668-BE54-9A1E7A4F7556}") = "SmtpSimpleSend_CS", "SmtpSimpleSend_CS.csproj", "{335A3261-1574-4781-A17A-594188EA34F0}"
EndProject
Global
	GlobalSection(SolutionConfigurationPlatforms) = preSolution
		Debug|Any CPU = Debug|Any CPU
		Release|Any CPU = Release|Any CPU
	EndGlobalSection
	GlobalSection(ProjectConfigurationPlatforms) = postSolution
		{335A3261-1574-4781-A17A-594188EA34F0}.Debug|Any CPU.ActiveCfg = Debug|Any CPU
		{335A3261-1574-4781-A17A-594188EA34F0}.Debug|Any CPU.Build.0 = Debug|Any CPU
		{335A3261-1574-4781-A17A-594188EA34F0}.Release|Any CPU.ActiveCfg = Release|Any CPU
		{335A3261-1574-4781-A17A-594188EA34F0}.Release|Any CPU.Build.0 = Release|Any CPU
	EndGlobalSection
	GlobalSection(SolutionProperties) = preSolution
		HideSolutionNode = FALSE
	EndGlobalSection
EndGlobal
