Microsoft Visual Studio Solution File, Format Version 12.00
# Visual Studio 16
VisualStudioVersion = 16.0.30317.65
MinimumVisualStudioVersion = 16.0.30317.65
Project("{9A19103F-16F7-4668-BE54-9A1E7A4F7556}") = "ImapBrowser_CS", "ImapBrowser_CS\ImapBrowser_CS.csproj", "b7751d71-e339-4891-9205-c4e0f7663ab0"
EndProject
Project("{9A19103F-16F7-4668-BE54-9A1E7A4F7556}") = "ImapConsoleClient_CS", "ImapConsoleClient_CS\ImapConsoleClient_CS.csproj", "ffcfc584-feb1-45f5-be89-fc7748037f0a"
EndProject
Project("{9A19103F-16F7-4668-BE54-9A1E7A4F7556}") = "ImapDownload_CS", "ImapDownload_CS\ImapDownload_CS.csproj", "02ff0c0f-fd91-49ef-b429-62926dbf7282"
EndProject
Global
	GlobalSection(SolutionConfigurationPlatforms) = preSolution
		Debug|Any CPU = Debug|Any CPU
		Release|Any CPU = Release|Any CPU
	EndGlobalSection
	GlobalSection(ProjectConfigurationPlatforms) = postSolution
		b7751d71-e339-4891-9205-c4e0f7663ab0.Debug|Any CPU.ActiveCfg = Debug|Any CPU
		b7751d71-e339-4891-9205-c4e0f7663ab0.Debug|Any CPU.Build.0 = Debug|Any CPU
		b7751d71-e339-4891-9205-c4e0f7663ab0.Release|Any CPU.ActiveCfg = Release|Any CPU
		b7751d71-e339-4891-9205-c4e0f7663ab0.Release|Any CPU.Build.0 = Release|Any CPU
		ffcfc584-feb1-45f5-be89-fc7748037f0a.Debug|Any CPU.ActiveCfg = Debug|Any CPU
		ffcfc584-feb1-45f5-be89-fc7748037f0a.Debug|Any CPU.Build.0 = Debug|Any CPU
		ffcfc584-feb1-45f5-be89-fc7748037f0a.Release|Any CPU.ActiveCfg = Release|Any CPU
		ffcfc584-feb1-45f5-be89-fc7748037f0a.Release|Any CPU.Build.0 = Release|Any CPU
		02ff0c0f-fd91-49ef-b429-62926dbf7282.Debug|Any CPU.ActiveCfg = Debug|Any CPU
		02ff0c0f-fd91-49ef-b429-62926dbf7282.Debug|Any CPU.Build.0 = Debug|Any CPU
		02ff0c0f-fd91-49ef-b429-62926dbf7282.Release|Any CPU.ActiveCfg = Release|Any CPU
		02ff0c0f-fd91-49ef-b429-62926dbf7282.Release|Any CPU.Build.0 = Release|Any CPU
	EndGlobalSection
	GlobalSection(SolutionProperties) = preSolution
		HideSolutionNode = FALSE
	EndGlobalSection
EndGlobal
