Microsoft Visual Studio Solution File, Format Version 12.00
# Visual Studio 16
VisualStudioVersion = 16.0.30317.65
MinimumVisualStudioVersion = 16.0.30317.65
Project("{9A19103F-16F7-4668-BE54-9A1E7A4F7556}") = "Pop3Browser_CS", "Pop3Browser_CS\Pop3Browser_CS.csproj", "1c813b2e-8a63-4204-9b41-aa087104aa28"
EndProject
Project("{9A19103F-16F7-4668-BE54-9A1E7A4F7556}") = "Pop3ConsoleClient_CS", "Pop3ConsoleClient_CS\Pop3ConsoleClient_CS.csproj", "95663744-0467-45b9-92c8-a29336ebf942"
EndProject
Project("{9A19103F-16F7-4668-BE54-9A1E7A4F7556}") = "Pop3Download_CS", "Pop3Download_CS\Pop3Download_CS.csproj", "a33d33dc-9968-4c74-8b94-8f860586da05"
EndProject
Global
	GlobalSection(SolutionConfigurationPlatforms) = preSolution
		Debug|Any CPU = Debug|Any CPU
		Release|Any CPU = Release|Any CPU
	EndGlobalSection
	GlobalSection(ProjectConfigurationPlatforms) = postSolution
		1c813b2e-8a63-4204-9b41-aa087104aa28.Debug|Any CPU.ActiveCfg = Debug|Any CPU
		1c813b2e-8a63-4204-9b41-aa087104aa28.Debug|Any CPU.Build.0 = Debug|Any CPU
		1c813b2e-8a63-4204-9b41-aa087104aa28.Release|Any CPU.ActiveCfg = Release|Any CPU
		1c813b2e-8a63-4204-9b41-aa087104aa28.Release|Any CPU.Build.0 = Release|Any CPU
		95663744-0467-45b9-92c8-a29336ebf942.Debug|Any CPU.ActiveCfg = Debug|Any CPU
		95663744-0467-45b9-92c8-a29336ebf942.Debug|Any CPU.Build.0 = Debug|Any CPU
		95663744-0467-45b9-92c8-a29336ebf942.Release|Any CPU.ActiveCfg = Release|Any CPU
		95663744-0467-45b9-92c8-a29336ebf942.Release|Any CPU.Build.0 = Release|Any CPU
		a33d33dc-9968-4c74-8b94-8f860586da05.Debug|Any CPU.ActiveCfg = Debug|Any CPU
		a33d33dc-9968-4c74-8b94-8f860586da05.Debug|Any CPU.Build.0 = Debug|Any CPU
		a33d33dc-9968-4c74-8b94-8f860586da05.Release|Any CPU.ActiveCfg = Release|Any CPU
		a33d33dc-9968-4c74-8b94-8f860586da05.Release|Any CPU.Build.0 = Release|Any CPU
	EndGlobalSection
	GlobalSection(SolutionProperties) = preSolution
		HideSolutionNode = FALSE
	EndGlobalSection
EndGlobal
